// !$*UTF8*$!
{
	archiveVersion = 1;
	classes = {
	};
	objectVersion = 44;
	objects = {

/* Begin PBXBuildFile section */
		5B00D9AB0C4FA1B70091E88A /* MLToolbarBackgroundView.m in Sources */ = {isa = PBXBuildFile; fileRef = 5B00D9A90C4FA1B70091E88A /* MLToolbarBackgroundView.m */; };
		5B174B5A0C65D2240035B99D /* tools-checkboxOff-D.tiff in Resources */ = {isa = PBXBuildFile; fileRef = 5B174B590C65D2240035B99D /* tools-checkboxOff-D.tiff */; };
		5B174B5C0C65D22F0035B99D /* tools-checkboxOff-N.tiff in Resources */ = {isa = PBXBuildFile; fileRef = 5B174B5B0C65D22F0035B99D /* tools-checkboxOff-N.tiff */; };
		5B174BD50C65D8B50035B99D /* MLCheckboxButton.m in Sources */ = {isa = PBXBuildFile; fileRef = 5B174BD30C65D8B50035B99D /* MLCheckboxButton.m */; };
		5B174BD90C65D8BD0035B99D /* MLCheckboxButtonCell.m in Sources */ = {isa = PBXBuildFile; fileRef = 5B174BD70C65D8BD0035B99D /* MLCheckboxButtonCell.m */; };
		5B174D530C676F880035B99D /* MLGamesTableView.m in Sources */ = {isa = PBXBuildFile; fileRef = 5B174D510C676F870035B99D /* MLGamesTableView.m */; };
		5B300F1A0F14C25E00514780 /* main.m in Sources */ = {isa = PBXBuildFile; fileRef = 5B300F180F14C25E00514780 /* main.m */; };
		5B300F1B0F14C25E00514780 /* GetMetadataForFile.m in Sources */ = {isa = PBXBuildFile; fileRef = 5B300F190F14C25E00514780 /* GetMetadataForFile.m */; };
		5B3010C60F14C35200514780 /* CoreServices.framework in Frameworks */ = {isa = PBXBuildFile; fileRef = 5B3010C40F14C35200514780 /* CoreServices.framework */; };
		5B3010C70F14C35200514780 /* CoreFoundation.framework in Frameworks */ = {isa = PBXBuildFile; fileRef = 5B3010C50F14C35200514780 /* CoreFoundation.framework */; };
		5B30116B0F14C69900514780 /* Foundation.framework in Frameworks */ = {isa = PBXBuildFile; fileRef = 29B97325FDCFA39411CA2CEA /* Foundation.framework */; };
		5B3011770F14C74400514780 /* MAME Library.mdimporter in CopyFiles */ = {isa = PBXBuildFile; fileRef = 5B300EC20F14C11200514780 /* MAME Library.mdimporter */; };
		5B5016880C69D53D003F4102 /* Inspector.nib in Resources */ = {isa = PBXBuildFile; fileRef = 5B5016870C69D53D003F4102 /* Inspector.nib */; };
		5B5017A80C6A229D003F4102 /* MAME_Library_DataModel2.xcdatamodel in Sources */ = {isa = PBXBuildFile; fileRef = 5B5017A70C6A229D003F4102 /* MAME_Library_DataModel2.xcdatamodel */; };
		5B529A250B57CD5E00935DCF /* Preferences.nib in Resources */ = {isa = PBXBuildFile; fileRef = 5B529A240B57CD5E00935DCF /* Preferences.nib */; };
		5B529A2D0B57CE5D00935DCF /* MLPreferencesController.m in Sources */ = {isa = PBXBuildFile; fileRef = 5B529A2C0B57CE5D00935DCF /* MLPreferencesController.m */; };
		5B529AB80B57DFE900935DCF /* Overlay.png in Resources */ = {isa = PBXBuildFile; fileRef = 5B529AB70B57DFE900935DCF /* Overlay.png */; };
		5B529AFF0B57E41600935DCF /* test-signal.gif in Resources */ = {isa = PBXBuildFile; fileRef = 5B529AFE0B57E41600935DCF /* test-signal.gif */; };
		5B52ED4B0C62319A005DBB21 /* Sort Keys.plist in Resources */ = {isa = PBXBuildFile; fileRef = 5B52ED4A0C62319A005DBB21 /* Sort Keys.plist */; };
		5B52EDB20C6238BD005DBB21 /* MAME Library.icns in Resources */ = {isa = PBXBuildFile; fileRef = 5B52EDB10C6238BD005DBB21 /* MAME Library.icns */; };
		5B52EEC60C623B80005DBB21 /* Credits.rtf in Resources */ = {isa = PBXBuildFile; fileRef = 5B52EEC50C623B80005DBB21 /* Credits.rtf */; };
		5B7212820C7EF54F00DAC557 /* MLSourceListSplitView.m in Sources */ = {isa = PBXBuildFile; fileRef = 5B7212800C7EF54F00DAC557 /* MLSourceListSplitView.m */; };
		5B7E551D0C4E20C7006E4C3C /* Knob_ImageZoomSlider-P.tiff in Resources */ = {isa = PBXBuildFile; fileRef = 5B7E551B0C4E20C7006E4C3C /* Knob_ImageZoomSlider-P.tiff */; };
		5B7E551E0C4E20C7006E4C3C /* Knob_ImageZoomSlider-N.tiff in Resources */ = {isa = PBXBuildFile; fileRef = 5B7E551C0C4E20C7006E4C3C /* Knob_ImageZoomSlider-N.tiff */; };
		5B7E55230C4E211F006E4C3C /* tools-checkboxOn-N.tiff in Resources */ = {isa = PBXBuildFile; fileRef = 5B7E551F0C4E211F006E4C3C /* tools-checkboxOn-N.tiff */; };
		5B7E55240C4E211F006E4C3C /* tools-checkboxOn-D.tiff in Resources */ = {isa = PBXBuildFile; fileRef = 5B7E55200C4E211F006E4C3C /* tools-checkboxOn-D.tiff */; };
		5B7E55250C4E211F006E4C3C /* tools-checkboxOff-P.tiff in Resources */ = {isa = PBXBuildFile; fileRef = 5B7E55210C4E211F006E4C3C /* tools-checkboxOff-P.tiff */; };
		5B7E55260C4E211F006E4C3C /* tools-checkboxOn-P.tiff in Resources */ = {isa = PBXBuildFile; fileRef = 5B7E55220C4E211F006E4C3C /* tools-checkboxOn-P.tiff */; };
		5B7E55310C4E2301006E4C3C /* MLSliderCell.m in Sources */ = {isa = PBXBuildFile; fileRef = 5B7E552F0C4E2301006E4C3C /* MLSliderCell.m */; };
		5B7E55480C4E24AE006E4C3C /* MLSlider.m in Sources */ = {isa = PBXBuildFile; fileRef = 5B7E55460C4E24AE006E4C3C /* MLSlider.m */; };
		5B7E55FB0C4E31CA006E4C3C /* MLGame.m in Sources */ = {isa = PBXBuildFile; fileRef = 5B7E55F90C4E31CA006E4C3C /* MLGame.m */; };
		5B80DE8D0C816EED001A9AEE /* MLArtworkView.m in Sources */ = {isa = PBXBuildFile; fileRef = 5B80DE8B0C816EED001A9AEE /* MLArtworkView.m */; };
		5B80DF8D0C817F2C001A9AEE /* Artwork Viewer.nib in Resources */ = {isa = PBXBuildFile; fileRef = 5B80DF8C0C817F2C001A9AEE /* Artwork Viewer.nib */; };
		5B80DF920C817FD0001A9AEE /* MLArtworkWindowController.m in Sources */ = {isa = PBXBuildFile; fileRef = 5B80DF900C817FD0001A9AEE /* MLArtworkWindowController.m */; };
		5B91201E0F6E3FE4006DDBF8 /* Collection Editor.xib in Resources */ = {isa = PBXBuildFile; fileRef = 5B91201D0F6E3FE4006DDBF8 /* Collection Editor.xib */; };
		5B92CD0B15A318490094BE19 /* RegexKitLite.m in Sources */ = {isa = PBXBuildFile; fileRef = 5B92CD0A15A318490094BE19 /* RegexKitLite.m */; };
		5B92CD1015A3192B0094BE19 /* libicucore.dylib in Frameworks */ = {isa = PBXBuildFile; fileRef = 5B92CD0F15A3192B0094BE19 /* libicucore.dylib */; };
		5BB2253D0C73C26800231FB3 /* DBSourceSplitView.m in Sources */ = {isa = PBXBuildFile; fileRef = 5BB2253B0C73C26800231FB3 /* DBSourceSplitView.m */; };
		5BB2254C0C73C29000231FB3 /* KFSplitView.m in Sources */ = {isa = PBXBuildFile; fileRef = 5BB2254A0C73C29000231FB3 /* KFSplitView.m */; };
		5BB2255C0C73C31500231FB3 /* DBSourceView.m in Sources */ = {isa = PBXBuildFile; fileRef = 5BB2255A0C73C31500231FB3 /* DBSourceView.m */; };
		5BB228EC0C747E1600231FB3 /* NSTreeController-DMExtensions.m in Sources */ = {isa = PBXBuildFile; fileRef = 5BB228EA0C747E1600231FB3 /* NSTreeController-DMExtensions.m */; };
		5BB2295A0C7485D300231FB3 /* MLOutlineViewDragController.m in Sources */ = {isa = PBXBuildFile; fileRef = 5BB229580C7485D300231FB3 /* MLOutlineViewDragController.m */; };
		5BB229CF0C74AA0700231FB3 /* MLCollection.m in Sources */ = {isa = PBXBuildFile; fileRef = 5BB229CD0C74AA0700231FB3 /* MLCollection.m */; };
		5BB22A2E0C74B7B000231FB3 /* ImageAndTextCell.m in Sources */ = {isa = PBXBuildFile; fileRef = 5BB22A2C0C74B7B000231FB3 /* ImageAndTextCell.m */; };
		5BB22ABB0C74C2D100231FB3 /* Collection16.png in Resources */ = {isa = PBXBuildFile; fileRef = 5BB22AAF0C74C2D100231FB3 /* Collection16.png */; };
		5BB22ABC0C74C2D200231FB3 /* Collection24.png in Resources */ = {isa = PBXBuildFile; fileRef = 5BB22AB00C74C2D100231FB3 /* Collection24.png */; };
		5BB22ABD0C74C2D200231FB3 /* Collection32.png in Resources */ = {isa = PBXBuildFile; fileRef = 5BB22AB10C74C2D100231FB3 /* Collection32.png */; };
		5BB22ABE0C74C2D200231FB3 /* Folder16.png in Resources */ = {isa = PBXBuildFile; fileRef = 5BB22AB20C74C2D100231FB3 /* Folder16.png */; };
		5BB22ABF0C74C2D200231FB3 /* Folder24.png in Resources */ = {isa = PBXBuildFile; fileRef = 5BB22AB30C74C2D100231FB3 /* Folder24.png */; };
		5BB22AC00C74C2D200231FB3 /* Folder32.png in Resources */ = {isa = PBXBuildFile; fileRef = 5BB22AB40C74C2D100231FB3 /* Folder32.png */; };
		5BB22AC10C74C2D200231FB3 /* Library16.png in Resources */ = {isa = PBXBuildFile; fileRef = 5BB22AB50C74C2D100231FB3 /* Library16.png */; };
		5BB22AC20C74C2D200231FB3 /* Library24.png in Resources */ = {isa = PBXBuildFile; fileRef = 5BB22AB60C74C2D100231FB3 /* Library24.png */; };
		5BB22AC30C74C2D200231FB3 /* Library32.png in Resources */ = {isa = PBXBuildFile; fileRef = 5BB22AB70C74C2D100231FB3 /* Library32.png */; };
		5BB22AC40C74C2D200231FB3 /* SmartCollection16.png in Resources */ = {isa = PBXBuildFile; fileRef = 5BB22AB80C74C2D100231FB3 /* SmartCollection16.png */; };
		5BB22AC50C74C2D200231FB3 /* SmartCollection24.png in Resources */ = {isa = PBXBuildFile; fileRef = 5BB22AB90C74C2D100231FB3 /* SmartCollection24.png */; };
		5BB22AC60C74C2D200231FB3 /* SmartCollection32.png in Resources */ = {isa = PBXBuildFile; fileRef = 5BB22ABA0C74C2D100231FB3 /* SmartCollection32.png */; };
		5BB22C1D0C76CEC500231FB3 /* MLOutlineView.m in Sources */ = {isa = PBXBuildFile; fileRef = 5BB22C1B0C76CEC400231FB3 /* MLOutlineView.m */; };
		5BB22C320C76CFA000231FB3 /* CTGradient.m in Sources */ = {isa = PBXBuildFile; fileRef = 5BB22C300C76CFA000231FB3 /* CTGradient.m */; };
		5BB235640C78DDF200231FB3 /* Blinky-Zoom-sm.png in Resources */ = {isa = PBXBuildFile; fileRef = 5BB235620C78DDF200231FB3 /* Blinky-Zoom-sm.png */; };
		5BB235650C78DDF200231FB3 /* Blinky-Zoom-lg.png in Resources */ = {isa = PBXBuildFile; fileRef = 5BB235630C78DDF200231FB3 /* Blinky-Zoom-lg.png */; };
		5BB235BB0C78FEB600231FB3 /* Default Smart Collections.plist in Resources */ = {isa = PBXBuildFile; fileRef = 5BB235BA0C78FEB600231FB3 /* Default Smart Collections.plist */; };
		5BB2371D0C79D84900231FB3 /* button_play-D.tiff in Resources */ = {isa = PBXBuildFile; fileRef = 5BB237140C79D84900231FB3 /* button_play-D.tiff */; };
		5BB2371E0C79D84900231FB3 /* button_play-N.tiff in Resources */ = {isa = PBXBuildFile; fileRef = 5BB237150C79D84900231FB3 /* button_play-N.tiff */; };
		5BB2371F0C79D84900231FB3 /* button_play-P.tiff in Resources */ = {isa = PBXBuildFile; fileRef = 5BB237160C79D84900231FB3 /* button_play-P.tiff */; };
		5BB237200C79D84900231FB3 /* button_addsmart-P.tiff in Resources */ = {isa = PBXBuildFile; fileRef = 5BB237170C79D84900231FB3 /* button_addsmart-P.tiff */; };
		5BB237210C79D84900231FB3 /* button_addsmart-N.tiff in Resources */ = {isa = PBXBuildFile; fileRef = 5BB237180C79D84900231FB3 /* button_addsmart-N.tiff */; };
		5BB237220C79D84900231FB3 /* button_addsmart-D.tiff in Resources */ = {isa = PBXBuildFile; fileRef = 5BB237190C79D84900231FB3 /* button_addsmart-D.tiff */; };
		5BB237230C79D84900231FB3 /* button_add-P.tiff in Resources */ = {isa = PBXBuildFile; fileRef = 5BB2371A0C79D84900231FB3 /* button_add-P.tiff */; };
		5BB237240C79D84900231FB3 /* button_add-N.tiff in Resources */ = {isa = PBXBuildFile; fileRef = 5BB2371B0C79D84900231FB3 /* button_add-N.tiff */; };
		5BB237250C79D84900231FB3 /* button_add-D.tiff in Resources */ = {isa = PBXBuildFile; fileRef = 5BB2371C0C79D84900231FB3 /* button_add-D.tiff */; };
		5BB2379B0C7B631600231FB3 /* NSString_MLExtensions.m in Sources */ = {isa = PBXBuildFile; fileRef = 5BB237990C7B631600231FB3 /* NSString_MLExtensions.m */; };
		5BB575780CD7879200BFD5F6 /* MainMenu.nib in Resources */ = {isa = PBXBuildFile; fileRef = 5BB575770CD7879200BFD5F6 /* MainMenu.nib */; };
		5BB576F80CD789A200BFD5F6 /* Sparkle.framework in Frameworks */ = {isa = PBXBuildFile; fileRef = 5BB576F70CD789A200BFD5F6 /* Sparkle.framework */; };
		5BB577CC0CD78A1600BFD5F6 /* Sparkle.framework in CopyFiles */ = {isa = PBXBuildFile; fileRef = 5BB576F70CD789A200BFD5F6 /* Sparkle.framework */; };
		5BB578010CD7905300BFD5F6 /* Quartz.framework in Frameworks */ = {isa = PBXBuildFile; fileRef = 5BB578000CD7905300BFD5F6 /* Quartz.framework */; };
		5BC506470C8DCFA000ACF137 /* MAME_Library_DataModel3.xcdatamodel in Sources */ = {isa = PBXBuildFile; fileRef = 5BC506460C8DCFA000ACF137 /* MAME_Library_DataModel3.xcdatamodel */; };
		5BC506530C8DD1A800ACF137 /* MLHistoryParser.m in Sources */ = {isa = PBXBuildFile; fileRef = 5BC506510C8DD1A800ACF137 /* MLHistoryParser.m */; };
		5BC5CBA40C56617C005908B9 /* iTableColumnHeaderCell.m in Sources */ = {isa = PBXBuildFile; fileRef = 5BC5CBA20C56617C005908B9 /* iTableColumnHeaderCell.m */; };
		5BC5CC300C56664E005908B9 /* MLTableHeaderImageCell.m in Sources */ = {isa = PBXBuildFile; fileRef = 5BC5CC2E0C56664E005908B9 /* MLTableHeaderImageCell.m */; };
		5BC5CC940C566CA4005908B9 /* table_view_active.png in Resources */ = {isa = PBXBuildFile; fileRef = 5BC5CC920C566CA4005908B9 /* table_view_active.png */; };
		5BC5CC950C566CA4005908B9 /* grid_view_active.png in Resources */ = {isa = PBXBuildFile; fileRef = 5BC5CC930C566CA4005908B9 /* grid_view_active.png */; };
		5BC5CCFE0C56B54E005908B9 /* corner.png in Resources */ = {isa = PBXBuildFile; fileRef = 5BC5CCFD0C56B54E005908B9 /* corner.png */; };
		5BCD22470C4A27EF003CD3A6 /* MAMEXMLParser.m in Sources */ = {isa = PBXBuildFile; fileRef = 5BCD22450C4A27EF003CD3A6 /* MAMEXMLParser.m */; };
		5BCD22B80C4A2F0E003CD3A6 /* MAMEImport.nib in Resources */ = {isa = PBXBuildFile; fileRef = 5BCD22B70C4A2F0E003CD3A6 /* MAMEImport.nib */; };
		5BE520CA0C54AE8F00CCFD65 /* MLHeaderView.m in Sources */ = {isa = PBXBuildFile; fileRef = 5BE520C80C54AE8F00CCFD65 /* MLHeaderView.m */; };
		5BE520E50C54B13600CCFD65 /* list.tiff in Resources */ = {isa = PBXBuildFile; fileRef = 5BE520E30C54B13600CCFD65 /* list.tiff */; };
		5BE520E60C54B13600CCFD65 /* icons.tiff in Resources */ = {isa = PBXBuildFile; fileRef = 5BE520E40C54B13600CCFD65 /* icons.tiff */; };
		5BE521010C54B5D700CCFD65 /* header_gradient.png in Resources */ = {isa = PBXBuildFile; fileRef = 5BE521000C54B5D700CCFD65 /* header_gradient.png */; };
		5BE521210C54B7A700CCFD65 /* MLHeaderViewButtonCell.m in Sources */ = {isa = PBXBuildFile; fileRef = 5BE5211F0C54B7A700CCFD65 /* MLHeaderViewButtonCell.m */; };
		5BE523490C54DD7E00CCFD65 /* header_gradient_flipped.png in Resources */ = {isa = PBXBuildFile; fileRef = 5BE523480C54DD7E00CCFD65 /* header_gradient_flipped.png */; };
		770B37ED0679A11B001EADE2 /* MAME_Library_DataModel1.xcdatamodel in Sources */ = {isa = PBXBuildFile; fileRef = 770B37EC0679A11B001EADE2 /* MAME_Library_DataModel1.xcdatamodel */; };
		77C8280E06725ACE000B614F /* MAME_Library_AppDelegate.m in Sources */ = {isa = PBXBuildFile; fileRef = 77C8280C06725ACE000B614F /* MAME_Library_AppDelegate.m */; };
		8D11072B0486CEB800E47090 /* InfoPlist.strings in Resources */ = {isa = PBXBuildFile; fileRef = 089C165CFE840E0CC02AAC07 /* InfoPlist.strings */; };
		8D11072D0486CEB800E47090 /* main.m in Sources */ = {isa = PBXBuildFile; fileRef = 29B97316FDCFA39411CA2CEA /* main.m */; settings = {ATTRIBUTES = (); }; };
		8D11072F0486CEB800E47090 /* Cocoa.framework in Frameworks */ = {isa = PBXBuildFile; fileRef = 1058C7A1FEA54F0111CA2CBB /* Cocoa.framework */; };
/* End PBXBuildFile section */

/* Begin PBXContainerItemProxy section */
		5B300EDC0F14C1AA00514780 /* PBXContainerItemProxy */ = {
			isa = PBXContainerItemProxy;
			containerPortal = 29B97313FDCFA39411CA2CEA /* Project object */;
			proxyType = 1;
			remoteGlobalIDString = 5B300EC10F14C11200514780;
			remoteInfo = "Spotlight Importer";
		};
/* End PBXContainerItemProxy section */

/* Begin PBXCopyFilesBuildPhase section */
		5B3011810F14C76200514780 /* CopyFiles */ = {
			isa = PBXCopyFilesBuildPhase;
			buildActionMask = 2147483647;
			dstPath = Contents/Library/Spotlight;
			dstSubfolderSpec = 1;
			files = (
				5B3011770F14C74400514780 /* MAME Library.mdimporter in CopyFiles */,
			);
			runOnlyForDeploymentPostprocessing = 0;
		};
		5BB577D20CD78A1B00BFD5F6 /* CopyFiles */ = {
			isa = PBXCopyFilesBuildPhase;
			buildActionMask = 2147483647;
			dstPath = "";
			dstSubfolderSpec = 10;
			files = (
				5BB577CC0CD78A1600BFD5F6 /* Sparkle.framework in CopyFiles */,
			);
			runOnlyForDeploymentPostprocessing = 0;
		};
/* End PBXCopyFilesBuildPhase section */

/* Begin PBXFileReference section */
		089C165DFE840E0CC02AAC07 /* InfoPlist.strings */ = {isa = PBXFileReference; fileEncoding = 10; lastKnownFileType = text.plist.strings; name = InfoPlist.strings; path = Resources/English.lproj/InfoPlist.strings; sourceTree = "<group>"; };
		1058C7A1FEA54F0111CA2CBB /* Cocoa.framework */ = {isa = PBXFileReference; lastKnownFileType = wrapper.framework; name = Cocoa.framework; path = /System/Library/Frameworks/Cocoa.framework; sourceTree = "<absolute>"; };
		29B97316FDCFA39411CA2CEA /* main.m */ = {isa = PBXFileReference; fileEncoding = 4; lastKnownFileType = sourcecode.c.objc; path = main.m; sourceTree = "<group>"; };
		29B97319FDCFA39411CA2CEA /* English */ = {isa = PBXFileReference; lastKnownFileType = wrapper.nib; name = English; path = Resources/English.lproj/MainMenu.nib; sourceTree = "<group>"; };
		29B97324FDCFA39411CA2CEA /* AppKit.framework */ = {isa = PBXFileReference; lastKnownFileType = wrapper.framework; name = AppKit.framework; path = /System/Library/Frameworks/AppKit.framework; sourceTree = "<absolute>"; };
		29B97325FDCFA39411CA2CEA /* Foundation.framework */ = {isa = PBXFileReference; lastKnownFileType = wrapper.framework; name = Foundation.framework; path = /System/Library/Frameworks/Foundation.framework; sourceTree = "<absolute>"; };
		32CA4F630368D1EE00C91783 /* MAME_Library_Prefix.pch */ = {isa = PBXFileReference; fileEncoding = 4; lastKnownFileType = sourcecode.c.h; path = MAME_Library_Prefix.pch; sourceTree = "<group>"; };
		5B00D9A80C4FA1B70091E88A /* MLToolbarBackgroundView.h */ = {isa = PBXFileReference; fileEncoding = 4; lastKnownFileType = sourcecode.c.h; path = MLToolbarBackgroundView.h; sourceTree = "<group>"; };
		5B00D9A90C4FA1B70091E88A /* MLToolbarBackgroundView.m */ = {isa = PBXFileReference; fileEncoding = 4; lastKnownFileType = sourcecode.c.objc; path = MLToolbarBackgroundView.m; sourceTree = "<group>"; };
		5B174B590C65D2240035B99D /* tools-checkboxOff-D.tiff */ = {isa = PBXFileReference; lastKnownFileType = image.tiff; name = "tools-checkboxOff-D.tiff"; path = "Resources/tools-checkboxOff-D.tiff"; sourceTree = "<group>"; };
		5B174B5B0C65D22F0035B99D /* tools-checkboxOff-N.tiff */ = {isa = PBXFileReference; lastKnownFileType = image.tiff; name = "tools-checkboxOff-N.tiff"; path = "Resources/tools-checkboxOff-N.tiff"; sourceTree = "<group>"; };
		5B174BD20C65D8B50035B99D /* MLCheckboxButton.h */ = {isa = PBXFileReference; fileEncoding = 4; lastKnownFileType = sourcecode.c.h; path = MLCheckboxButton.h; sourceTree = "<group>"; };
		5B174BD30C65D8B50035B99D /* MLCheckboxButton.m */ = {isa = PBXFileReference; fileEncoding = 4; lastKnownFileType = sourcecode.c.objc; path = MLCheckboxButton.m; sourceTree = "<group>"; };
		5B174BD60C65D8BD0035B99D /* MLCheckboxButtonCell.h */ = {isa = PBXFileReference; fileEncoding = 4; lastKnownFileType = sourcecode.c.h; path = MLCheckboxButtonCell.h; sourceTree = "<group>"; };
		5B174BD70C65D8BD0035B99D /* MLCheckboxButtonCell.m */ = {isa = PBXFileReference; fileEncoding = 4; lastKnownFileType = sourcecode.c.objc; path = MLCheckboxButtonCell.m; sourceTree = "<group>"; };
		5B174D500C676F870035B99D /* MLGamesTableView.h */ = {isa = PBXFileReference; fileEncoding = 4; lastKnownFileType = sourcecode.c.h; path = MLGamesTableView.h; sourceTree = "<group>"; };
		5B174D510C676F870035B99D /* MLGamesTableView.m */ = {isa = PBXFileReference; fileEncoding = 4; lastKnownFileType = sourcecode.c.objc; path = MLGamesTableView.m; sourceTree = "<group>"; };
		5B300EC20F14C11200514780 /* MAME Library.mdimporter */ = {isa = PBXFileReference; explicitFileType = wrapper.cfbundle; includeInIndex = 0; path = "MAME Library.mdimporter"; sourceTree = BUILT_PRODUCTS_DIR; };
		5B300F180F14C25E00514780 /* main.m */ = {isa = PBXFileReference; fileEncoding = 4; lastKnownFileType = sourcecode.c.objc; name = main.m; path = "Spotlight Importer/Source/main.m"; sourceTree = "<group>"; };
		5B300F190F14C25E00514780 /* GetMetadataForFile.m */ = {isa = PBXFileReference; fileEncoding = 4; lastKnownFileType = sourcecode.c.objc; name = GetMetadataForFile.m; path = "Spotlight Importer/Source/GetMetadataForFile.m"; sourceTree = "<group>"; };
		5B300F1C0F14C26700514780 /* Info.plist */ = {isa = PBXFileReference; fileEncoding = 4; lastKnownFileType = text.plist.xml; name = Info.plist; path = "Spotlight Importer/Resources/Info.plist"; sourceTree = "<group>"; };
		5B3010C40F14C35200514780 /* CoreServices.framework */ = {isa = PBXFileReference; lastKnownFileType = wrapper.framework; name = CoreServices.framework; path = /System/Library/Frameworks/CoreServices.framework; sourceTree = "<absolute>"; };
		5B3010C50F14C35200514780 /* CoreFoundation.framework */ = {isa = PBXFileReference; lastKnownFileType = wrapper.framework; name = CoreFoundation.framework; path = /System/Library/Frameworks/CoreFoundation.framework; sourceTree = "<absolute>"; };
		5B5016870C69D53D003F4102 /* Inspector.nib */ = {isa = PBXFileReference; lastKnownFileType = wrapper.nib; name = Inspector.nib; path = Resources/Inspector.nib; sourceTree = "<group>"; };
		5B5016FF0C6A142C003F4102 /* constants.h */ = {isa = PBXFileReference; fileEncoding = 4; lastKnownFileType = sourcecode.c.h; path = constants.h; sourceTree = "<group>"; };
		5B5017A70C6A229D003F4102 /* MAME_Library_DataModel2.xcdatamodel */ = {isa = PBXFileReference; fileEncoding = 30; lastKnownFileType = wrapper.xcdatamodel; path = MAME_Library_DataModel2.xcdatamodel; sourceTree = "<group>"; };
		5B529A240B57CD5E00935DCF /* Preferences.nib */ = {isa = PBXFileReference; lastKnownFileType = wrapper.nib; name = Preferences.nib; path = Resources/Preferences.nib; sourceTree = "<group>"; };
		5B529A2B0B57CE5D00935DCF /* MLPreferencesController.h */ = {isa = PBXFileReference; fileEncoding = 4; lastKnownFileType = sourcecode.c.h; path = MLPreferencesController.h; sourceTree = "<group>"; };
		5B529A2C0B57CE5D00935DCF /* MLPreferencesController.m */ = {isa = PBXFileReference; fileEncoding = 4; lastKnownFileType = sourcecode.c.objc; path = MLPreferencesController.m; sourceTree = "<group>"; };
		5B529AB70B57DFE900935DCF /* Overlay.png */ = {isa = PBXFileReference; lastKnownFileType = image.png; name = Overlay.png; path = Resources/Overlay.png; sourceTree = "<group>"; };
		5B529AFE0B57E41600935DCF /* test-signal.gif */ = {isa = PBXFileReference; lastKnownFileType = image.gif; name = "test-signal.gif"; path = "Resources/test-signal.gif"; sourceTree = "<group>"; };
		5B52ED4A0C62319A005DBB21 /* Sort Keys.plist */ = {isa = PBXFileReference; fileEncoding = 30; lastKnownFileType = text.plist.xml; name = "Sort Keys.plist"; path = "Resources/Sort Keys.plist"; sourceTree = "<group>"; };
		5B52EDB10C6238BD005DBB21 /* MAME Library.icns */ = {isa = PBXFileReference; lastKnownFileType = image.icns; name = "MAME Library.icns"; path = "Resources/MAME Library.icns"; sourceTree = "<group>"; };
		5B52EEC50C623B80005DBB21 /* Credits.rtf */ = {isa = PBXFileReference; lastKnownFileType = text.rtf; name = Credits.rtf; path = Resources/Credits.rtf; sourceTree = "<group>"; };
		5B72127F0C7EF54F00DAC557 /* MLSourceListSplitView.h */ = {isa = PBXFileReference; fileEncoding = 4; lastKnownFileType = sourcecode.c.h; path = MLSourceListSplitView.h; sourceTree = "<group>"; };
		5B7212800C7EF54F00DAC557 /* MLSourceListSplitView.m */ = {isa = PBXFileReference; fileEncoding = 4; lastKnownFileType = sourcecode.c.objc; path = MLSourceListSplitView.m; sourceTree = "<group>"; };
		5B7E551B0C4E20C7006E4C3C /* Knob_ImageZoomSlider-P.tiff */ = {isa = PBXFileReference; lastKnownFileType = image.tiff; name = "Knob_ImageZoomSlider-P.tiff"; path = "Resources/Knob_ImageZoomSlider-P.tiff"; sourceTree = "<group>"; };
		5B7E551C0C4E20C7006E4C3C /* Knob_ImageZoomSlider-N.tiff */ = {isa = PBXFileReference; lastKnownFileType = image.tiff; name = "Knob_ImageZoomSlider-N.tiff"; path = "Resources/Knob_ImageZoomSlider-N.tiff"; sourceTree = "<group>"; };
		5B7E551F0C4E211F006E4C3C /* tools-checkboxOn-N.tiff */ = {isa = PBXFileReference; lastKnownFileType = image.tiff; name = "tools-checkboxOn-N.tiff"; path = "Resources/tools-checkboxOn-N.tiff"; sourceTree = "<group>"; };
		5B7E55200C4E211F006E4C3C /* tools-checkboxOn-D.tiff */ = {isa = PBXFileReference; lastKnownFileType = image.tiff; name = "tools-checkboxOn-D.tiff"; path = "Resources/tools-checkboxOn-D.tiff"; sourceTree = "<group>"; };
		5B7E55210C4E211F006E4C3C /* tools-checkboxOff-P.tiff */ = {isa = PBXFileReference; lastKnownFileType = image.tiff; name = "tools-checkboxOff-P.tiff"; path = "Resources/tools-checkboxOff-P.tiff"; sourceTree = "<group>"; };
		5B7E55220C4E211F006E4C3C /* tools-checkboxOn-P.tiff */ = {isa = PBXFileReference; lastKnownFileType = image.tiff; name = "tools-checkboxOn-P.tiff"; path = "Resources/tools-checkboxOn-P.tiff"; sourceTree = "<group>"; };
		5B7E552E0C4E2301006E4C3C /* MLSliderCell.h */ = {isa = PBXFileReference; fileEncoding = 4; lastKnownFileType = sourcecode.c.h; path = MLSliderCell.h; sourceTree = "<group>"; };
		5B7E552F0C4E2301006E4C3C /* MLSliderCell.m */ = {isa = PBXFileReference; fileEncoding = 4; lastKnownFileType = sourcecode.c.objc; path = MLSliderCell.m; sourceTree = "<group>"; };
		5B7E55450C4E24AE006E4C3C /* MLSlider.h */ = {isa = PBXFileReference; fileEncoding = 4; lastKnownFileType = sourcecode.c.h; path = MLSlider.h; sourceTree = "<group>"; };
		5B7E55460C4E24AE006E4C3C /* MLSlider.m */ = {isa = PBXFileReference; fileEncoding = 4; lastKnownFileType = sourcecode.c.objc; path = MLSlider.m; sourceTree = "<group>"; };
		5B7E55F80C4E31CA006E4C3C /* MLGame.h */ = {isa = PBXFileReference; fileEncoding = 4; lastKnownFileType = sourcecode.c.h; path = MLGame.h; sourceTree = "<group>"; };
		5B7E55F90C4E31CA006E4C3C /* MLGame.m */ = {isa = PBXFileReference; fileEncoding = 4; lastKnownFileType = sourcecode.c.objc; path = MLGame.m; sourceTree = "<group>"; };
		5B80DE8A0C816EED001A9AEE /* MLArtworkView.h */ = {isa = PBXFileReference; fileEncoding = 4; lastKnownFileType = sourcecode.c.h; path = MLArtworkView.h; sourceTree = "<group>"; };
		5B80DE8B0C816EED001A9AEE /* MLArtworkView.m */ = {isa = PBXFileReference; fileEncoding = 4; lastKnownFileType = sourcecode.c.objc; path = MLArtworkView.m; sourceTree = "<group>"; };
		5B80DF8C0C817F2C001A9AEE /* Artwork Viewer.nib */ = {isa = PBXFileReference; lastKnownFileType = wrapper.nib; name = "Artwork Viewer.nib"; path = "Resources/Artwork Viewer.nib"; sourceTree = "<group>"; };
		5B80DF8F0C817FD0001A9AEE /* MLArtworkWindowController.h */ = {isa = PBXFileReference; fileEncoding = 4; lastKnownFileType = sourcecode.c.h; path = MLArtworkWindowController.h; sourceTree = "<group>"; };
		5B80DF900C817FD0001A9AEE /* MLArtworkWindowController.m */ = {isa = PBXFileReference; fileEncoding = 4; lastKnownFileType = sourcecode.c.objc; path = MLArtworkWindowController.m; sourceTree = "<group>"; };
		5B91201D0F6E3FE4006DDBF8 /* Collection Editor.xib */ = {isa = PBXFileReference; lastKnownFileType = file.xib; path = "Collection Editor.xib"; sourceTree = "<group>"; };
		5B92CD0915A318490094BE19 /* RegexKitLite.h */ = {isa = PBXFileReference; fileEncoding = 4; lastKnownFileType = sourcecode.c.h; path = RegexKitLite.h; sourceTree = "<group>"; };
		5B92CD0A15A318490094BE19 /* RegexKitLite.m */ = {isa = PBXFileReference; fileEncoding = 4; lastKnownFileType = sourcecode.c.objc; path = RegexKitLite.m; sourceTree = "<group>"; };
		5B92CD0F15A3192B0094BE19 /* libicucore.dylib */ = {isa = PBXFileReference; lastKnownFileType = "compiled.mach-o.dylib"; name = libicucore.dylib; path = /usr/lib/libicucore.dylib; sourceTree = "<absolute>"; };
		5BB2253A0C73C26800231FB3 /* DBSourceSplitView.h */ = {isa = PBXFileReference; fileEncoding = 30; lastKnownFileType = sourcecode.c.h; path = DBSourceSplitView.h; sourceTree = "<group>"; };
		5BB2253B0C73C26800231FB3 /* DBSourceSplitView.m */ = {isa = PBXFileReference; fileEncoding = 30; lastKnownFileType = sourcecode.c.objc; path = DBSourceSplitView.m; sourceTree = "<group>"; };
		5BB225490C73C29000231FB3 /* KFSplitView.h */ = {isa = PBXFileReference; fileEncoding = 30; lastKnownFileType = sourcecode.c.h; path = KFSplitView.h; sourceTree = "<group>"; };
		5BB2254A0C73C29000231FB3 /* KFSplitView.m */ = {isa = PBXFileReference; fileEncoding = 30; lastKnownFileType = sourcecode.c.objc; path = KFSplitView.m; sourceTree = "<group>"; };
		5BB225590C73C31500231FB3 /* DBSourceView.h */ = {isa = PBXFileReference; fileEncoding = 30; lastKnownFileType = sourcecode.c.h; path = DBSourceView.h; sourceTree = "<group>"; };
		5BB2255A0C73C31500231FB3 /* DBSourceView.m */ = {isa = PBXFileReference; fileEncoding = 30; lastKnownFileType = sourcecode.c.objc; path = DBSourceView.m; sourceTree = "<group>"; };
		5BB228E90C747E1600231FB3 /* NSTreeController-DMExtensions.h */ = {isa = PBXFileReference; fileEncoding = 4; lastKnownFileType = sourcecode.c.h; path = "NSTreeController-DMExtensions.h"; sourceTree = "<group>"; };
		5BB228EA0C747E1600231FB3 /* NSTreeController-DMExtensions.m */ = {isa = PBXFileReference; fileEncoding = 4; lastKnownFileType = sourcecode.c.objc; path = "NSTreeController-DMExtensions.m"; sourceTree = "<group>"; };
		5BB229570C7485D300231FB3 /* MLOutlineViewDragController.h */ = {isa = PBXFileReference; fileEncoding = 4; lastKnownFileType = sourcecode.c.h; path = MLOutlineViewDragController.h; sourceTree = "<group>"; };
		5BB229580C7485D300231FB3 /* MLOutlineViewDragController.m */ = {isa = PBXFileReference; fileEncoding = 4; lastKnownFileType = sourcecode.c.objc; path = MLOutlineViewDragController.m; sourceTree = "<group>"; };
		5BB229CC0C74AA0700231FB3 /* MLCollection.h */ = {isa = PBXFileReference; fileEncoding = 4; lastKnownFileType = sourcecode.c.h; path = MLCollection.h; sourceTree = "<group>"; };
		5BB229CD0C74AA0700231FB3 /* MLCollection.m */ = {isa = PBXFileReference; fileEncoding = 4; lastKnownFileType = sourcecode.c.objc; path = MLCollection.m; sourceTree = "<group>"; };
		5BB22A2B0C74B7B000231FB3 /* ImageAndTextCell.h */ = {isa = PBXFileReference; fileEncoding = 30; lastKnownFileType = sourcecode.c.h; path = ImageAndTextCell.h; sourceTree = "<group>"; };
		5BB22A2C0C74B7B000231FB3 /* ImageAndTextCell.m */ = {isa = PBXFileReference; fileEncoding = 30; lastKnownFileType = sourcecode.c.objc; path = ImageAndTextCell.m; sourceTree = "<group>"; };
		5BB22AAF0C74C2D100231FB3 /* Collection16.png */ = {isa = PBXFileReference; lastKnownFileType = image.png; path = Collection16.png; sourceTree = "<group>"; };
		5BB22AB00C74C2D100231FB3 /* Collection24.png */ = {isa = PBXFileReference; lastKnownFileType = image.png; path = Collection24.png; sourceTree = "<group>"; };
		5BB22AB10C74C2D100231FB3 /* Collection32.png */ = {isa = PBXFileReference; lastKnownFileType = image.png; path = Collection32.png; sourceTree = "<group>"; };
		5BB22AB20C74C2D100231FB3 /* Folder16.png */ = {isa = PBXFileReference; lastKnownFileType = image.png; path = Folder16.png; sourceTree = "<group>"; };
		5BB22AB30C74C2D100231FB3 /* Folder24.png */ = {isa = PBXFileReference; lastKnownFileType = image.png; path = Folder24.png; sourceTree = "<group>"; };
		5BB22AB40C74C2D100231FB3 /* Folder32.png */ = {isa = PBXFileReference; lastKnownFileType = image.png; path = Folder32.png; sourceTree = "<group>"; };
		5BB22AB50C74C2D100231FB3 /* Library16.png */ = {isa = PBXFileReference; lastKnownFileType = image.png; path = Library16.png; sourceTree = "<group>"; };
		5BB22AB60C74C2D100231FB3 /* Library24.png */ = {isa = PBXFileReference; lastKnownFileType = image.png; path = Library24.png; sourceTree = "<group>"; };
		5BB22AB70C74C2D100231FB3 /* Library32.png */ = {isa = PBXFileReference; lastKnownFileType = image.png; path = Library32.png; sourceTree = "<group>"; };
		5BB22AB80C74C2D100231FB3 /* SmartCollection16.png */ = {isa = PBXFileReference; lastKnownFileType = image.png; path = SmartCollection16.png; sourceTree = "<group>"; };
		5BB22AB90C74C2D100231FB3 /* SmartCollection24.png */ = {isa = PBXFileReference; lastKnownFileType = image.png; path = SmartCollection24.png; sourceTree = "<group>"; };
		5BB22ABA0C74C2D100231FB3 /* SmartCollection32.png */ = {isa = PBXFileReference; lastKnownFileType = image.png; path = SmartCollection32.png; sourceTree = "<group>"; };
		5BB22C1A0C76CEC400231FB3 /* MLOutlineView.h */ = {isa = PBXFileReference; fileEncoding = 4; lastKnownFileType = sourcecode.c.h; path = MLOutlineView.h; sourceTree = "<group>"; };
		5BB22C1B0C76CEC400231FB3 /* MLOutlineView.m */ = {isa = PBXFileReference; fileEncoding = 4; lastKnownFileType = sourcecode.c.objc; path = MLOutlineView.m; sourceTree = "<group>"; };
		5BB22C300C76CFA000231FB3 /* CTGradient.m */ = {isa = PBXFileReference; fileEncoding = 30; lastKnownFileType = sourcecode.c.objc; path = CTGradient.m; sourceTree = "<group>"; };
		5BB22C310C76CFA000231FB3 /* CTGradient.h */ = {isa = PBXFileReference; fileEncoding = 30; lastKnownFileType = sourcecode.c.h; path = CTGradient.h; sourceTree = "<group>"; };
		5BB235620C78DDF200231FB3 /* Blinky-Zoom-sm.png */ = {isa = PBXFileReference; lastKnownFileType = image.png; name = "Blinky-Zoom-sm.png"; path = "Resources/Blinky-Zoom-sm.png"; sourceTree = "<group>"; };
		5BB235630C78DDF200231FB3 /* Blinky-Zoom-lg.png */ = {isa = PBXFileReference; lastKnownFileType = image.png; name = "Blinky-Zoom-lg.png"; path = "Resources/Blinky-Zoom-lg.png"; sourceTree = "<group>"; };
		5BB235BA0C78FEB600231FB3 /* Default Smart Collections.plist */ = {isa = PBXFileReference; explicitFileType = text.plist; fileEncoding = 30; name = "Default Smart Collections.plist"; path = "Resources/Default Smart Collections.plist"; sourceTree = "<group>"; };
		5BB237140C79D84900231FB3 /* button_play-D.tiff */ = {isa = PBXFileReference; lastKnownFileType = image.tiff; name = "button_play-D.tiff"; path = "Resources/button_play-D.tiff"; sourceTree = "<group>"; };
		5BB237150C79D84900231FB3 /* button_play-N.tiff */ = {isa = PBXFileReference; lastKnownFileType = image.tiff; name = "button_play-N.tiff"; path = "Resources/button_play-N.tiff"; sourceTree = "<group>"; };
		5BB237160C79D84900231FB3 /* button_play-P.tiff */ = {isa = PBXFileReference; lastKnownFileType = image.tiff; name = "button_play-P.tiff"; path = "Resources/button_play-P.tiff"; sourceTree = "<group>"; };
		5BB237170C79D84900231FB3 /* button_addsmart-P.tiff */ = {isa = PBXFileReference; lastKnownFileType = image.tiff; name = "button_addsmart-P.tiff"; path = "Resources/button_addsmart-P.tiff"; sourceTree = "<group>"; };
		5BB237180C79D84900231FB3 /* button_addsmart-N.tiff */ = {isa = PBXFileReference; lastKnownFileType = image.tiff; name = "button_addsmart-N.tiff"; path = "Resources/button_addsmart-N.tiff"; sourceTree = "<group>"; };
		5BB237190C79D84900231FB3 /* button_addsmart-D.tiff */ = {isa = PBXFileReference; lastKnownFileType = image.tiff; name = "button_addsmart-D.tiff"; path = "Resources/button_addsmart-D.tiff"; sourceTree = "<group>"; };
		5BB2371A0C79D84900231FB3 /* button_add-P.tiff */ = {isa = PBXFileReference; lastKnownFileType = image.tiff; name = "button_add-P.tiff"; path = "Resources/button_add-P.tiff"; sourceTree = "<group>"; };
		5BB2371B0C79D84900231FB3 /* button_add-N.tiff */ = {isa = PBXFileReference; lastKnownFileType = image.tiff; name = "button_add-N.tiff"; path = "Resources/button_add-N.tiff"; sourceTree = "<group>"; };
		5BB2371C0C79D84900231FB3 /* button_add-D.tiff */ = {isa = PBXFileReference; lastKnownFileType = image.tiff; name = "button_add-D.tiff"; path = "Resources/button_add-D.tiff"; sourceTree = "<group>"; };
		5BB237980C7B631600231FB3 /* NSString_MLExtensions.h */ = {isa = PBXFileReference; fileEncoding = 4; lastKnownFileType = sourcecode.c.h; path = NSString_MLExtensions.h; sourceTree = "<group>"; };
		5BB237990C7B631600231FB3 /* NSString_MLExtensions.m */ = {isa = PBXFileReference; fileEncoding = 4; lastKnownFileType = sourcecode.c.objc; path = NSString_MLExtensions.m; sourceTree = "<group>"; };
		5BB576F70CD789A200BFD5F6 /* Sparkle.framework */ = {isa = PBXFileReference; lastKnownFileType = wrapper.framework; name = Sparkle.framework; path = Frameworks/Sparkle.framework; sourceTree = "<group>"; };
		5BB578000CD7905300BFD5F6 /* Quartz.framework */ = {isa = PBXFileReference; lastKnownFileType = wrapper.framework; name = Quartz.framework; path = /System/Library/Frameworks/Quartz.framework; sourceTree = "<absolute>"; };
		5BC506460C8DCFA000ACF137 /* MAME_Library_DataModel3.xcdatamodel */ = {isa = PBXFileReference; fileEncoding = 30; lastKnownFileType = wrapper.xcdatamodel; path = MAME_Library_DataModel3.xcdatamodel; sourceTree = "<group>"; };
		5BC506500C8DD1A800ACF137 /* MLHistoryParser.h */ = {isa = PBXFileReference; fileEncoding = 4; lastKnownFileType = sourcecode.c.h; path = MLHistoryParser.h; sourceTree = "<group>"; };
		5BC506510C8DD1A800ACF137 /* MLHistoryParser.m */ = {isa = PBXFileReference; fileEncoding = 4; lastKnownFileType = sourcecode.c.objc; path = MLHistoryParser.m; sourceTree = "<group>"; };
		5BC5CBA20C56617C005908B9 /* iTableColumnHeaderCell.m */ = {isa = PBXFileReference; fileEncoding = 30; lastKnownFileType = sourcecode.c.objc; path = iTableColumnHeaderCell.m; sourceTree = "<group>"; };
		5BC5CBA30C56617C005908B9 /* iTableColumnHeaderCell.h */ = {isa = PBXFileReference; fileEncoding = 30; lastKnownFileType = sourcecode.c.h; path = iTableColumnHeaderCell.h; sourceTree = "<group>"; };
		5BC5CC2D0C56664E005908B9 /* MLTableHeaderImageCell.h */ = {isa = PBXFileReference; fileEncoding = 4; lastKnownFileType = sourcecode.c.h; path = MLTableHeaderImageCell.h; sourceTree = "<group>"; };
		5BC5CC2E0C56664E005908B9 /* MLTableHeaderImageCell.m */ = {isa = PBXFileReference; fileEncoding = 4; lastKnownFileType = sourcecode.c.objc; path = MLTableHeaderImageCell.m; sourceTree = "<group>"; };
		5BC5CC920C566CA4005908B9 /* table_view_active.png */ = {isa = PBXFileReference; lastKnownFileType = image.png; name = table_view_active.png; path = Resources/table_view_active.png; sourceTree = "<group>"; };
		5BC5CC930C566CA4005908B9 /* grid_view_active.png */ = {isa = PBXFileReference; lastKnownFileType = image.png; name = grid_view_active.png; path = Resources/grid_view_active.png; sourceTree = "<group>"; };
		5BC5CCFD0C56B54E005908B9 /* corner.png */ = {isa = PBXFileReference; lastKnownFileType = image.png; name = corner.png; path = Resources/corner.png; sourceTree = "<group>"; };
		5BCD22450C4A27EF003CD3A6 /* MAMEXMLParser.m */ = {isa = PBXFileReference; fileEncoding = 30; lastKnownFileType = sourcecode.c.objc; path = MAMEXMLParser.m; sourceTree = "<group>"; };
		5BCD22460C4A27EF003CD3A6 /* MAMEXMLParser.h */ = {isa = PBXFileReference; fileEncoding = 30; lastKnownFileType = sourcecode.c.h; path = MAMEXMLParser.h; sourceTree = "<group>"; };
		5BCD22B70C4A2F0E003CD3A6 /* MAMEImport.nib */ = {isa = PBXFileReference; lastKnownFileType = wrapper.nib; name = MAMEImport.nib; path = Resources/MAMEImport.nib; sourceTree = "<group>"; };
		5BE520C70C54AE8F00CCFD65 /* MLHeaderView.h */ = {isa = PBXFileReference; fileEncoding = 4; lastKnownFileType = sourcecode.c.h; path = MLHeaderView.h; sourceTree = "<group>"; };
		5BE520C80C54AE8F00CCFD65 /* MLHeaderView.m */ = {isa = PBXFileReference; fileEncoding = 4; lastKnownFileType = sourcecode.c.objc; path = MLHeaderView.m; sourceTree = "<group>"; };
		5BE520E30C54B13600CCFD65 /* list.tiff */ = {isa = PBXFileReference; lastKnownFileType = image.tiff; name = list.tiff; path = Resources/list.tiff; sourceTree = "<group>"; };
		5BE520E40C54B13600CCFD65 /* icons.tiff */ = {isa = PBXFileReference; lastKnownFileType = image.tiff; name = icons.tiff; path = Resources/icons.tiff; sourceTree = "<group>"; };
		5BE521000C54B5D700CCFD65 /* header_gradient.png */ = {isa = PBXFileReference; lastKnownFileType = image.png; name = header_gradient.png; path = Resources/header_gradient.png; sourceTree = "<group>"; };
		5BE5211E0C54B7A700CCFD65 /* MLHeaderViewButtonCell.h */ = {isa = PBXFileReference; fileEncoding = 4; lastKnownFileType = sourcecode.c.h; path = MLHeaderViewButtonCell.h; sourceTree = "<group>"; };
		5BE5211F0C54B7A700CCFD65 /* MLHeaderViewButtonCell.m */ = {isa = PBXFileReference; fileEncoding = 4; lastKnownFileType = sourcecode.c.objc; path = MLHeaderViewButtonCell.m; sourceTree = "<group>"; };
		5BE521C10C54CD9400CCFD65 /* MLControl.h */ = {isa = PBXFileReference; fileEncoding = 4; lastKnownFileType = sourcecode.c.h; path = MLControl.h; sourceTree = "<group>"; };
		5BE521C20C54CD9400CCFD65 /* MLControl.m */ = {isa = PBXFileReference; fileEncoding = 4; lastKnownFileType = sourcecode.c.objc; path = MLControl.m; sourceTree = "<group>"; };
		5BE523480C54DD7E00CCFD65 /* header_gradient_flipped.png */ = {isa = PBXFileReference; lastKnownFileType = image.png; name = header_gradient_flipped.png; path = Resources/header_gradient_flipped.png; sourceTree = "<group>"; };
		770B37EC0679A11B001EADE2 /* MAME_Library_DataModel1.xcdatamodel */ = {isa = PBXFileReference; fileEncoding = 4; lastKnownFileType = wrapper.xcdatamodel; path = MAME_Library_DataModel1.xcdatamodel; sourceTree = "<group>"; };
		77C82804067257F0000B614F /* CoreData.framework */ = {isa = PBXFileReference; lastKnownFileType = wrapper.framework; name = CoreData.framework; path = /System/Library/Frameworks/CoreData.framework; sourceTree = "<absolute>"; };
		77C8280B06725ACE000B614F /* MAME_Library_AppDelegate.h */ = {isa = PBXFileReference; fileEncoding = 4; lastKnownFileType = sourcecode.c.h; path = MAME_Library_AppDelegate.h; sourceTree = "<group>"; };
		77C8280C06725ACE000B614F /* MAME_Library_AppDelegate.m */ = {isa = PBXFileReference; fileEncoding = 4; lastKnownFileType = sourcecode.c.objc; path = MAME_Library_AppDelegate.m; sourceTree = "<group>"; };
		8D1107310486CEB800E47090 /* Info.plist */ = {isa = PBXFileReference; fileEncoding = 4; lastKnownFileType = text.plist; path = Info.plist; sourceTree = "<group>"; };
		8D1107320486CEB800E47090 /* MAME Library.app */ = {isa = PBXFileReference; explicitFileType = wrapper.application; includeInIndex = 0; path = "MAME Library.app"; sourceTree = BUILT_PRODUCTS_DIR; };
/* End PBXFileReference section */

/* Begin PBXFrameworksBuildPhase section */
		5B300EC00F14C11200514780 /* Frameworks */ = {
			isa = PBXFrameworksBuildPhase;
			buildActionMask = 2147483647;
			files = (
				5B3010C60F14C35200514780 /* CoreServices.framework in Frameworks */,
				5B3010C70F14C35200514780 /* CoreFoundation.framework in Frameworks */,
				5B30116B0F14C69900514780 /* Foundation.framework in Frameworks */,
			);
			runOnlyForDeploymentPostprocessing = 0;
		};
		8D11072E0486CEB800E47090 /* Frameworks */ = {
			isa = PBXFrameworksBuildPhase;
			buildActionMask = 2147483647;
			files = (
				5B92CD1015A3192B0094BE19 /* libicucore.dylib in Frameworks */,
				8D11072F0486CEB800E47090 /* Cocoa.framework in Frameworks */,
				5BB576F80CD789A200BFD5F6 /* Sparkle.framework in Frameworks */,
				5BB578010CD7905300BFD5F6 /* Quartz.framework in Frameworks */,
			);
			runOnlyForDeploymentPostprocessing = 0;
		};
/* End PBXFrameworksBuildPhase section */

/* Begin PBXGroup section */
		080E96DDFE201D6D7F000001 /* Classes */ = {
			isa = PBXGroup;
			children = (
				5BB16FBC0B4EFA7F00DAAC9B /* Controller */,
				5BB16FBB0B4EFA7700DAAC9B /* Model */,
				5BB16FBA0B4EFA7100DAAC9B /* View */,
			);
			name = Classes;
			sourceTree = "<group>";
		};
		1058C7A0FEA54F0111CA2CBB /* Linked Frameworks */ = {
			isa = PBXGroup;
			children = (
				5BB578000CD7905300BFD5F6 /* Quartz.framework */,
				5BB576F70CD789A200BFD5F6 /* Sparkle.framework */,
				1058C7A1FEA54F0111CA2CBB /* Cocoa.framework */,
			);
			name = "Linked Frameworks";
			sourceTree = "<group>";
		};
		1058C7A2FEA54F0111CA2CBB /* Other Frameworks */ = {
			isa = PBXGroup;
			children = (
				77C82804067257F0000B614F /* CoreData.framework */,
				29B97325FDCFA39411CA2CEA /* Foundation.framework */,
				29B97324FDCFA39411CA2CEA /* AppKit.framework */,
				5B3010C40F14C35200514780 /* CoreServices.framework */,
				5B3010C50F14C35200514780 /* CoreFoundation.framework */,
			);
			name = "Other Frameworks";
			sourceTree = "<group>";
		};
		19C28FACFE9D520D11CA2CBB /* Products */ = {
			isa = PBXGroup;
			children = (
				8D1107320486CEB800E47090 /* MAME Library.app */,
				5B300EC20F14C11200514780 /* MAME Library.mdimporter */,
			);
			name = Products;
			sourceTree = "<group>";
		};
		29B97314FDCFA39411CA2CEA /* MAME Library */ = {
			isa = PBXGroup;
			children = (
				5B300ECE0F14C12400514780 /* Spotlight Importer */,
				7756732906782D8800D1FEB8 /* Models */,
				080E96DDFE201D6D7F000001 /* Classes */,
				5B92CD0D15A3184E0094BE19 /* Lib */,
				29B97315FDCFA39411CA2CEA /* Other Sources */,
				29B97317FDCFA39411CA2CEA /* Resources */,
				29B97323FDCFA39411CA2CEA /* Frameworks */,
				19C28FACFE9D520D11CA2CBB /* Products */,
			);
			name = "MAME Library";
			sourceTree = "<group>";
		};
		29B97315FDCFA39411CA2CEA /* Other Sources */ = {
			isa = PBXGroup;
			children = (
				32CA4F630368D1EE00C91783 /* MAME_Library_Prefix.pch */,
				29B97316FDCFA39411CA2CEA /* main.m */,
				5B5016FF0C6A142C003F4102 /* constants.h */,
			);
			name = "Other Sources";
			sourceTree = "<group>";
		};
		29B97317FDCFA39411CA2CEA /* Resources */ = {
			isa = PBXGroup;
			children = (
				5BB577DB0CD78CCB00BFD5F6 /* Images */,
				5BB577DD0CD78CE800BFD5F6 /* Property Lists */,
				5B52EEC50C623B80005DBB21 /* Credits.rtf */,
				5BB577DC0CD78CD700BFD5F6 /* Nibs */,
			);
			name = Resources;
			sourceTree = "<group>";
		};
		29B97323FDCFA39411CA2CEA /* Frameworks */ = {
			isa = PBXGroup;
			children = (
				5B92CD0F15A3192B0094BE19 /* libicucore.dylib */,
				1058C7A0FEA54F0111CA2CBB /* Linked Frameworks */,
				1058C7A2FEA54F0111CA2CBB /* Other Frameworks */,
			);
			name = Frameworks;
			sourceTree = "<group>";
		};
		5B00D9AC0C4FA1BD0091E88A /* Toolbar Background */ = {
			isa = PBXGroup;
			children = (
				5B00D9A80C4FA1B70091E88A /* MLToolbarBackgroundView.h */,
				5B00D9A90C4FA1B70091E88A /* MLToolbarBackgroundView.m */,
			);
			name = "Toolbar Background";
			sourceTree = "<group>";
		};
		5B174BDA0C65D8C20035B99D /* Checkbox */ = {
			isa = PBXGroup;
			children = (
				5B174BD20C65D8B50035B99D /* MLCheckboxButton.h */,
				5B174BD30C65D8B50035B99D /* MLCheckboxButton.m */,
				5B174BD60C65D8BD0035B99D /* MLCheckboxButtonCell.h */,
				5B174BD70C65D8BD0035B99D /* MLCheckboxButtonCell.m */,
			);
			name = Checkbox;
			sourceTree = "<group>";
		};
		5B174D560C676F940035B99D /* Table View */ = {
			isa = PBXGroup;
			children = (
				5B174D500C676F870035B99D /* MLGamesTableView.h */,
				5B174D510C676F870035B99D /* MLGamesTableView.m */,
			);
			name = "Table View";
			sourceTree = "<group>";
		};
		5B300ECE0F14C12400514780 /* Spotlight Importer */ = {
			isa = PBXGroup;
			children = (
				5B300F150F14C21300514780 /* Resources */,
				5B300F140F14C20E00514780 /* Source */,
			);
			name = "Spotlight Importer";
			sourceTree = "<group>";
		};
		5B300F140F14C20E00514780 /* Source */ = {
			isa = PBXGroup;
			children = (
				5B300F180F14C25E00514780 /* main.m */,
				5B300F190F14C25E00514780 /* GetMetadataForFile.m */,
			);
			name = Source;
			sourceTree = "<group>";
		};
		5B300F150F14C21300514780 /* Resources */ = {
			isa = PBXGroup;
			children = (
				5B300F1C0F14C26700514780 /* Info.plist */,
			);
			name = Resources;
			sourceTree = "<group>";
		};
		5B7E555E0C4E2662006E4C3C /* Slider */ = {
			isa = PBXGroup;
			children = (
				5B7E55450C4E24AE006E4C3C /* MLSlider.h */,
				5B7E55460C4E24AE006E4C3C /* MLSlider.m */,
				5B7E552E0C4E2301006E4C3C /* MLSliderCell.h */,
				5B7E552F0C4E2301006E4C3C /* MLSliderCell.m */,
			);
			name = Slider;
			sourceTree = "<group>";
		};
		5B7E55630C4E267B006E4C3C /* XML Parser */ = {
			isa = PBXGroup;
			children = (
				5BCD22460C4A27EF003CD3A6 /* MAMEXMLParser.h */,
				5BCD22450C4A27EF003CD3A6 /* MAMEXMLParser.m */,
			);
			name = "XML Parser";
			sourceTree = "<group>";
		};
		5B7E55640C4E2684006E4C3C /* Preferences Controller */ = {
			isa = PBXGroup;
			children = (
				5B529A2B0B57CE5D00935DCF /* MLPreferencesController.h */,
				5B529A2C0B57CE5D00935DCF /* MLPreferencesController.m */,
			);
			name = "Preferences Controller";
			sourceTree = "<group>";
		};
		5B7E55FC0C4E31CF006E4C3C /* Game */ = {
			isa = PBXGroup;
			children = (
				5B7E55F80C4E31CA006E4C3C /* MLGame.h */,
				5B7E55F90C4E31CA006E4C3C /* MLGame.m */,
			);
			name = Game;
			sourceTree = "<group>";
		};
		5B7E573B0C4E4F43006E4C3C /* Checkbox Images */ = {
			isa = PBXGroup;
			children = (
				5B174B5B0C65D22F0035B99D /* tools-checkboxOff-N.tiff */,
				5B7E551F0C4E211F006E4C3C /* tools-checkboxOn-N.tiff */,
				5B7E55200C4E211F006E4C3C /* tools-checkboxOn-D.tiff */,
				5B174B590C65D2240035B99D /* tools-checkboxOff-D.tiff */,
				5B7E55210C4E211F006E4C3C /* tools-checkboxOff-P.tiff */,
				5B7E55220C4E211F006E4C3C /* tools-checkboxOn-P.tiff */,
			);
			name = "Checkbox Images";
			sourceTree = "<group>";
		};
		5B7E573C0C4E4F4F006E4C3C /* Slider Images */ = {
			isa = PBXGroup;
			children = (
				5B7E551B0C4E20C7006E4C3C /* Knob_ImageZoomSlider-P.tiff */,
				5B7E551C0C4E20C7006E4C3C /* Knob_ImageZoomSlider-N.tiff */,
			);
			name = "Slider Images";
			sourceTree = "<group>";
		};
		5B7E576C0C4E50B5006E4C3C /* App Controller */ = {
			isa = PBXGroup;
			children = (
				77C8280B06725ACE000B614F /* MAME_Library_AppDelegate.h */,
				77C8280C06725ACE000B614F /* MAME_Library_AppDelegate.m */,
			);
			name = "App Controller";
			sourceTree = "<group>";
		};
		5B80DE890C816EDB001A9AEE /* Artwork View */ = {
			isa = PBXGroup;
			children = (
				5B80DE8A0C816EED001A9AEE /* MLArtworkView.h */,
				5B80DE8B0C816EED001A9AEE /* MLArtworkView.m */,
			);
			name = "Artwork View";
			sourceTree = "<group>";
		};
		5B80DF8E0C817FBD001A9AEE /* Artwork Window Controller */ = {
			isa = PBXGroup;
			children = (
				5B80DF8F0C817FD0001A9AEE /* MLArtworkWindowController.h */,
				5B80DF900C817FD0001A9AEE /* MLArtworkWindowController.m */,
			);
			name = "Artwork Window Controller";
			sourceTree = "<group>";
		};
		5B92CD0D15A3184E0094BE19 /* Lib */ = {
			isa = PBXGroup;
			children = (
				5B92CD0E15A318580094BE19 /* RegexKitLite */,
			);
			name = Lib;
			sourceTree = "<group>";
		};
		5B92CD0E15A318580094BE19 /* RegexKitLite */ = {
			isa = PBXGroup;
			children = (
				5B92CD0915A318490094BE19 /* RegexKitLite.h */,
				5B92CD0A15A318490094BE19 /* RegexKitLite.m */,
			);
			name = RegexKitLite;
			sourceTree = "<group>";
		};
		5BB16FBA0B4EFA7100DAAC9B /* View */ = {
			isa = PBXGroup;
			children = (
				5B80DE890C816EDB001A9AEE /* Artwork View */,
				5BB22C110C76CE5900231FB3 /* Outline View */,
				5BB2253E0C73C26C00231FB3 /* Split View */,
				5B7E555E0C4E2662006E4C3C /* Slider */,
				5B00D9AC0C4FA1BD0091E88A /* Toolbar Background */,
				5BE520D10C54B09700CCFD65 /* Grid View Header */,
				5BE521C50C54CD9900CCFD65 /* NSControl Hack  */,
				5BC5CA9C0C5658AD005908B9 /* Table View Header */,
				5B174BDA0C65D8C20035B99D /* Checkbox */,
				5B174D560C676F940035B99D /* Table View */,
			);
			name = View;
			sourceTree = "<group>";
		};
		5BB16FBB0B4EFA7700DAAC9B /* Model */ = {
			isa = PBXGroup;
			children = (
				5B7E55630C4E267B006E4C3C /* XML Parser */,
				5B7E55FC0C4E31CF006E4C3C /* Game */,
				5BB229D00C74AA0B00231FB3 /* Collection */,
				5BB237B90C7B663900231FB3 /* NSString additions */,
				5BC506540C8DD1AD00ACF137 /* History Parser */,
			);
			name = Model;
			sourceTree = "<group>";
		};
		5BB16FBC0B4EFA7F00DAAC9B /* Controller */ = {
			isa = PBXGroup;
			children = (
				5B80DF8E0C817FBD001A9AEE /* Artwork Window Controller */,
				5BB228E80C747DF800231FB3 /* Tree Controller */,
				5B7E576C0C4E50B5006E4C3C /* App Controller */,
				5B7E55640C4E2684006E4C3C /* Preferences Controller */,
				5BB2295B0C7485D700231FB3 /* Outline View Drag Controller */,
			);
			name = Controller;
			sourceTree = "<group>";
		};
		5BB2253E0C73C26C00231FB3 /* Split View */ = {
			isa = PBXGroup;
			children = (
				5BB225590C73C31500231FB3 /* DBSourceView.h */,
				5BB2255A0C73C31500231FB3 /* DBSourceView.m */,
				5BB225490C73C29000231FB3 /* KFSplitView.h */,
				5BB2254A0C73C29000231FB3 /* KFSplitView.m */,
				5BB2253A0C73C26800231FB3 /* DBSourceSplitView.h */,
				5BB2253B0C73C26800231FB3 /* DBSourceSplitView.m */,
				5B72127F0C7EF54F00DAC557 /* MLSourceListSplitView.h */,
				5B7212800C7EF54F00DAC557 /* MLSourceListSplitView.m */,
			);
			name = "Split View";
			sourceTree = "<group>";
		};
		5BB228E80C747DF800231FB3 /* Tree Controller */ = {
			isa = PBXGroup;
			children = (
				5BB228E90C747E1600231FB3 /* NSTreeController-DMExtensions.h */,
				5BB228EA0C747E1600231FB3 /* NSTreeController-DMExtensions.m */,
			);
			name = "Tree Controller";
			sourceTree = "<group>";
		};
		5BB2295B0C7485D700231FB3 /* Outline View Drag Controller */ = {
			isa = PBXGroup;
			children = (
				5BB229570C7485D300231FB3 /* MLOutlineViewDragController.h */,
				5BB229580C7485D300231FB3 /* MLOutlineViewDragController.m */,
			);
			name = "Outline View Drag Controller";
			sourceTree = "<group>";
		};
		5BB229CB0C74A9E300231FB3 /* Image Text Cell */ = {
			isa = PBXGroup;
			children = (
				5BB22A2B0C74B7B000231FB3 /* ImageAndTextCell.h */,
				5BB22A2C0C74B7B000231FB3 /* ImageAndTextCell.m */,
			);
			name = "Image Text Cell";
			sourceTree = "<group>";
		};
		5BB229D00C74AA0B00231FB3 /* Collection */ = {
			isa = PBXGroup;
			children = (
				5BB229CC0C74AA0700231FB3 /* MLCollection.h */,
				5BB229CD0C74AA0700231FB3 /* MLCollection.m */,
			);
			name = Collection;
			sourceTree = "<group>";
		};
		5BB22AAE0C74C2D100231FB3 /* Source List Icons */ = {
			isa = PBXGroup;
			children = (
				5BB22AAF0C74C2D100231FB3 /* Collection16.png */,
				5BB22AB00C74C2D100231FB3 /* Collection24.png */,
				5BB22AB10C74C2D100231FB3 /* Collection32.png */,
				5BB22AB20C74C2D100231FB3 /* Folder16.png */,
				5BB22AB30C74C2D100231FB3 /* Folder24.png */,
				5BB22AB40C74C2D100231FB3 /* Folder32.png */,
				5BB22AB50C74C2D100231FB3 /* Library16.png */,
				5BB22AB60C74C2D100231FB3 /* Library24.png */,
				5BB22AB70C74C2D100231FB3 /* Library32.png */,
				5BB22AB80C74C2D100231FB3 /* SmartCollection16.png */,
				5BB22AB90C74C2D100231FB3 /* SmartCollection24.png */,
				5BB22ABA0C74C2D100231FB3 /* SmartCollection32.png */,
			);
			name = "Source List Icons";
			path = "Resources/Source List Icons";
			sourceTree = "<group>";
		};
		5BB22C110C76CE5900231FB3 /* Outline View */ = {
			isa = PBXGroup;
			children = (
				5BB22C120C76CE6900231FB3 /* Gradient */,
				5BB229CB0C74A9E300231FB3 /* Image Text Cell */,
				5BB22C1E0C76CECA00231FB3 /* Outline View */,
			);
			name = "Outline View";
			sourceTree = "<group>";
		};
		5BB22C120C76CE6900231FB3 /* Gradient */ = {
			isa = PBXGroup;
			children = (
				5BB22C310C76CFA000231FB3 /* CTGradient.h */,
				5BB22C300C76CFA000231FB3 /* CTGradient.m */,
			);
			name = Gradient;
			sourceTree = "<group>";
		};
		5BB22C1E0C76CECA00231FB3 /* Outline View */ = {
			isa = PBXGroup;
			children = (
				5BB22C1A0C76CEC400231FB3 /* MLOutlineView.h */,
				5BB22C1B0C76CEC400231FB3 /* MLOutlineView.m */,
			);
			name = "Outline View";
			sourceTree = "<group>";
		};
		5BB22D510C76E54400231FB3 /* Column Header Images */ = {
			isa = PBXGroup;
			children = (
				5BC5CCFD0C56B54E005908B9 /* corner.png */,
				5BC5CC930C566CA4005908B9 /* grid_view_active.png */,
				5BC5CC920C566CA4005908B9 /* table_view_active.png */,
				5BE523480C54DD7E00CCFD65 /* header_gradient_flipped.png */,
				5BE521000C54B5D700CCFD65 /* header_gradient.png */,
				5BE520E30C54B13600CCFD65 /* list.tiff */,
				5BE520E40C54B13600CCFD65 /* icons.tiff */,
			);
			name = "Column Header Images";
			sourceTree = "<group>";
		};
		5BB22D520C76E55900231FB3 /* Photo View Images */ = {
			isa = PBXGroup;
			children = (
				5B529AFE0B57E41600935DCF /* test-signal.gif */,
				5B529AB70B57DFE900935DCF /* Overlay.png */,
			);
			name = "Photo View Images";
			sourceTree = "<group>";
		};
		5BB237100C79D83C00231FB3 /* Zoom Indicators */ = {
			isa = PBXGroup;
			children = (
				5BB235620C78DDF200231FB3 /* Blinky-Zoom-sm.png */,
				5BB235630C78DDF200231FB3 /* Blinky-Zoom-lg.png */,
			);
			name = "Zoom Indicators";
			sourceTree = "<group>";
		};
		5BB237260C79D84D00231FB3 /* Source List Buttons */ = {
			isa = PBXGroup;
			children = (
				5BB237140C79D84900231FB3 /* button_play-D.tiff */,
				5BB237150C79D84900231FB3 /* button_play-N.tiff */,
				5BB237160C79D84900231FB3 /* button_play-P.tiff */,
				5BB237170C79D84900231FB3 /* button_addsmart-P.tiff */,
				5BB237180C79D84900231FB3 /* button_addsmart-N.tiff */,
				5BB237190C79D84900231FB3 /* button_addsmart-D.tiff */,
				5BB2371A0C79D84900231FB3 /* button_add-P.tiff */,
				5BB2371B0C79D84900231FB3 /* button_add-N.tiff */,
				5BB2371C0C79D84900231FB3 /* button_add-D.tiff */,
			);
			name = "Source List Buttons";
			sourceTree = "<group>";
		};
		5BB237B90C7B663900231FB3 /* NSString additions */ = {
			isa = PBXGroup;
			children = (
				5BB237980C7B631600231FB3 /* NSString_MLExtensions.h */,
				5BB237990C7B631600231FB3 /* NSString_MLExtensions.m */,
			);
			name = "NSString additions";
			sourceTree = "<group>";
		};
		5BB577DB0CD78CCB00BFD5F6 /* Images */ = {
			isa = PBXGroup;
			children = (
				5B52EDB10C6238BD005DBB21 /* MAME Library.icns */,
				5BB237260C79D84D00231FB3 /* Source List Buttons */,
				5BB237100C79D83C00231FB3 /* Zoom Indicators */,
				5BB22AAE0C74C2D100231FB3 /* Source List Icons */,
				5BB22D510C76E54400231FB3 /* Column Header Images */,
				5B7E573B0C4E4F43006E4C3C /* Checkbox Images */,
				5B7E573C0C4E4F4F006E4C3C /* Slider Images */,
				5BB22D520C76E55900231FB3 /* Photo View Images */,
			);
			name = Images;
			sourceTree = "<group>";
		};
		5BB577DC0CD78CD700BFD5F6 /* Nibs */ = {
			isa = PBXGroup;
			children = (
				5B529A240B57CD5E00935DCF /* Preferences.nib */,
				5BB575770CD7879200BFD5F6 /* MainMenu.nib */,
				5BCD22B70C4A2F0E003CD3A6 /* MAMEImport.nib */,
				5B5016870C69D53D003F4102 /* Inspector.nib */,
				5B80DF8C0C817F2C001A9AEE /* Artwork Viewer.nib */,
				5B91201D0F6E3FE4006DDBF8 /* Collection Editor.xib */,
			);
			name = Nibs;
			sourceTree = "<group>";
		};
		5BB577DD0CD78CE800BFD5F6 /* Property Lists */ = {
			isa = PBXGroup;
			children = (
				8D1107310486CEB800E47090 /* Info.plist */,
				089C165CFE840E0CC02AAC07 /* InfoPlist.strings */,
				5BB235BA0C78FEB600231FB3 /* Default Smart Collections.plist */,
				5B52ED4A0C62319A005DBB21 /* Sort Keys.plist */,
			);
			name = "Property Lists";
			sourceTree = "<group>";
		};
		5BC506540C8DD1AD00ACF137 /* History Parser */ = {
			isa = PBXGroup;
			children = (
				5BC506500C8DD1A800ACF137 /* MLHistoryParser.h */,
				5BC506510C8DD1A800ACF137 /* MLHistoryParser.m */,
			);
			name = "History Parser";
			sourceTree = "<group>";
		};
		5BC5CA9C0C5658AD005908B9 /* Table View Header */ = {
			isa = PBXGroup;
			children = (
				5BC5CBA30C56617C005908B9 /* iTableColumnHeaderCell.h */,
				5BC5CBA20C56617C005908B9 /* iTableColumnHeaderCell.m */,
				5BC5CC2D0C56664E005908B9 /* MLTableHeaderImageCell.h */,
				5BC5CC2E0C56664E005908B9 /* MLTableHeaderImageCell.m */,
			);
			name = "Table View Header";
			sourceTree = "<group>";
		};
		5BE520D10C54B09700CCFD65 /* Grid View Header */ = {
			isa = PBXGroup;
			children = (
				5BE520C70C54AE8F00CCFD65 /* MLHeaderView.h */,
				5BE520C80C54AE8F00CCFD65 /* MLHeaderView.m */,
				5BE5211E0C54B7A700CCFD65 /* MLHeaderViewButtonCell.h */,
				5BE5211F0C54B7A700CCFD65 /* MLHeaderViewButtonCell.m */,
			);
			name = "Grid View Header";
			sourceTree = "<group>";
		};
		5BE521C50C54CD9900CCFD65 /* NSControl Hack  */ = {
			isa = PBXGroup;
			children = (
				5BE521C10C54CD9400CCFD65 /* MLControl.h */,
				5BE521C20C54CD9400CCFD65 /* MLControl.m */,
			);
			name = "NSControl Hack ";
			sourceTree = "<group>";
		};
		7756732906782D8800D1FEB8 /* Models */ = {
			isa = PBXGroup;
			children = (
				5BC506460C8DCFA000ACF137 /* MAME_Library_DataModel3.xcdatamodel */,
				5B5017A70C6A229D003F4102 /* MAME_Library_DataModel2.xcdatamodel */,
				770B37EC0679A11B001EADE2 /* MAME_Library_DataModel1.xcdatamodel */,
			);
			name = Models;
			sourceTree = "<group>";
		};
/* End PBXGroup section */

/* Begin PBXNativeTarget section */
		5B300EC10F14C11200514780 /* Spotlight Importer */ = {
			isa = PBXNativeTarget;
			buildConfigurationList = 5B300EC60F14C11400514780 /* Build configuration list for PBXNativeTarget "Spotlight Importer" */;
			buildPhases = (
				5B300EBE0F14C11200514780 /* Resources */,
				5B300EBF0F14C11200514780 /* Sources */,
				5B300EC00F14C11200514780 /* Frameworks */,
			);
			buildRules = (
			);
			dependencies = (
			);
			name = "Spotlight Importer";
			productName = "Spotlight Importer";
			productReference = 5B300EC20F14C11200514780 /* MAME Library.mdimporter */;
			productType = "com.apple.product-type.bundle";
		};
		8D1107260486CEB800E47090 /* MAME Library */ = {
			isa = PBXNativeTarget;
			buildConfigurationList = 26FC0A840875C7B200E6366F /* Build configuration list for PBXNativeTarget "MAME Library" */;
			buildPhases = (
				8D1107290486CEB800E47090 /* Resources */,
				8D11072C0486CEB800E47090 /* Sources */,
				8D11072E0486CEB800E47090 /* Frameworks */,
				5BB577D20CD78A1B00BFD5F6 /* CopyFiles */,
				5B3011810F14C76200514780 /* CopyFiles */,
			);
			buildRules = (
			);
			dependencies = (
				5B300EDD0F14C1AA00514780 /* PBXTargetDependency */,
			);
			name = "MAME Library";
			productInstallPath = "$(HOME)/Applications";
			productName = "MAME Library";
			productReference = 8D1107320486CEB800E47090 /* MAME Library.app */;
			productType = "com.apple.product-type.application";
		};
/* End PBXNativeTarget section */

/* Begin PBXProject section */
		29B97313FDCFA39411CA2CEA /* Project object */ = {
			isa = PBXProject;
			buildConfigurationList = 26FC0A880875C7B200E6366F /* Build configuration list for PBXProject "MAME Library" */;
			compatibilityVersion = "Xcode 3.0";
			developmentRegion = English;
			hasScannedForEncodings = 1;
			knownRegions = (
				English,
				Japanese,
				French,
				German,
			);
			mainGroup = 29B97314FDCFA39411CA2CEA /* MAME Library */;
			projectDirPath = "";
			projectRoot = "";
			targets = (
				8D1107260486CEB800E47090 /* MAME Library */,
				5B300EC10F14C11200514780 /* Spotlight Importer */,
			);
		};
/* End PBXProject section */

/* Begin PBXResourcesBuildPhase section */
		5B300EBE0F14C11200514780 /* Resources */ = {
			isa = PBXResourcesBuildPhase;
			buildActionMask = 2147483647;
			files = (
			);
			runOnlyForDeploymentPostprocessing = 0;
		};
		8D1107290486CEB800E47090 /* Resources */ = {
			isa = PBXResourcesBuildPhase;
			buildActionMask = 2147483647;
			files = (
				5BB575780CD7879200BFD5F6 /* MainMenu.nib in Resources */,
				8D11072B0486CEB800E47090 /* InfoPlist.strings in Resources */,
				5B529A250B57CD5E00935DCF /* Preferences.nib in Resources */,
				5B529AB80B57DFE900935DCF /* Overlay.png in Resources */,
				5B529AFF0B57E41600935DCF /* test-signal.gif in Resources */,
				5BCD22B80C4A2F0E003CD3A6 /* MAMEImport.nib in Resources */,
				5B7E551D0C4E20C7006E4C3C /* Knob_ImageZoomSlider-P.tiff in Resources */,
				5B7E551E0C4E20C7006E4C3C /* Knob_ImageZoomSlider-N.tiff in Resources */,
				5B7E55230C4E211F006E4C3C /* tools-checkboxOn-N.tiff in Resources */,
				5B7E55240C4E211F006E4C3C /* tools-checkboxOn-D.tiff in Resources */,
				5B7E55250C4E211F006E4C3C /* tools-checkboxOff-P.tiff in Resources */,
				5B7E55260C4E211F006E4C3C /* tools-checkboxOn-P.tiff in Resources */,
				5BE520E50C54B13600CCFD65 /* list.tiff in Resources */,
				5BE520E60C54B13600CCFD65 /* icons.tiff in Resources */,
				5BE521010C54B5D700CCFD65 /* header_gradient.png in Resources */,
				5BE523490C54DD7E00CCFD65 /* header_gradient_flipped.png in Resources */,
				5BC5CC940C566CA4005908B9 /* table_view_active.png in Resources */,
				5BC5CC950C566CA4005908B9 /* grid_view_active.png in Resources */,
				5BC5CCFE0C56B54E005908B9 /* corner.png in Resources */,
				5B52ED4B0C62319A005DBB21 /* Sort Keys.plist in Resources */,
				5B52EDB20C6238BD005DBB21 /* MAME Library.icns in Resources */,
				5B52EEC60C623B80005DBB21 /* Credits.rtf in Resources */,
				5B174B5A0C65D2240035B99D /* tools-checkboxOff-D.tiff in Resources */,
				5B174B5C0C65D22F0035B99D /* tools-checkboxOff-N.tiff in Resources */,
				5B5016880C69D53D003F4102 /* Inspector.nib in Resources */,
				5BB22ABB0C74C2D100231FB3 /* Collection16.png in Resources */,
				5BB22ABC0C74C2D200231FB3 /* Collection24.png in Resources */,
				5BB22ABD0C74C2D200231FB3 /* Collection32.png in Resources */,
				5BB22ABE0C74C2D200231FB3 /* Folder16.png in Resources */,
				5BB22ABF0C74C2D200231FB3 /* Folder24.png in Resources */,
				5BB22AC00C74C2D200231FB3 /* Folder32.png in Resources */,
				5BB22AC10C74C2D200231FB3 /* Library16.png in Resources */,
				5BB22AC20C74C2D200231FB3 /* Library24.png in Resources */,
				5BB22AC30C74C2D200231FB3 /* Library32.png in Resources */,
				5BB22AC40C74C2D200231FB3 /* SmartCollection16.png in Resources */,
				5BB22AC50C74C2D200231FB3 /* SmartCollection24.png in Resources */,
				5BB22AC60C74C2D200231FB3 /* SmartCollection32.png in Resources */,
				5BB235640C78DDF200231FB3 /* Blinky-Zoom-sm.png in Resources */,
				5BB235650C78DDF200231FB3 /* Blinky-Zoom-lg.png in Resources */,
				5BB235BB0C78FEB600231FB3 /* Default Smart Collections.plist in Resources */,
				5BB2371D0C79D84900231FB3 /* button_play-D.tiff in Resources */,
				5BB2371E0C79D84900231FB3 /* button_play-N.tiff in Resources */,
				5BB2371F0C79D84900231FB3 /* button_play-P.tiff in Resources */,
				5BB237200C79D84900231FB3 /* button_addsmart-P.tiff in Resources */,
				5BB237210C79D84900231FB3 /* button_addsmart-N.tiff in Resources */,
				5BB237220C79D84900231FB3 /* button_addsmart-D.tiff in Resources */,
				5BB237230C79D84900231FB3 /* button_add-P.tiff in Resources */,
				5BB237240C79D84900231FB3 /* button_add-N.tiff in Resources */,
				5BB237250C79D84900231FB3 /* button_add-D.tiff in Resources */,
				5B80DF8D0C817F2C001A9AEE /* Artwork Viewer.nib in Resources */,
				5B91201E0F6E3FE4006DDBF8 /* Collection Editor.xib in Resources */,
			);
			runOnlyForDeploymentPostprocessing = 0;
		};
/* End PBXResourcesBuildPhase section */

/* Begin PBXSourcesBuildPhase section */
		5B300EBF0F14C11200514780 /* Sources */ = {
			isa = PBXSourcesBuildPhase;
			buildActionMask = 2147483647;
			files = (
				5B300F1A0F14C25E00514780 /* main.m in Sources */,
				5B300F1B0F14C25E00514780 /* GetMetadataForFile.m in Sources */,
			);
			runOnlyForDeploymentPostprocessing = 0;
		};
		8D11072C0486CEB800E47090 /* Sources */ = {
			isa = PBXSourcesBuildPhase;
			buildActionMask = 2147483647;
			files = (
				8D11072D0486CEB800E47090 /* main.m in Sources */,
				77C8280E06725ACE000B614F /* MAME_Library_AppDelegate.m in Sources */,
				770B37ED0679A11B001EADE2 /* MAME_Library_DataModel1.xcdatamodel in Sources */,
				5B529A2D0B57CE5D00935DCF /* MLPreferencesController.m in Sources */,
				5BCD22470C4A27EF003CD3A6 /* MAMEXMLParser.m in Sources */,
				5B7E55310C4E2301006E4C3C /* MLSliderCell.m in Sources */,
				5B7E55480C4E24AE006E4C3C /* MLSlider.m in Sources */,
				5B7E55FB0C4E31CA006E4C3C /* MLGame.m in Sources */,
				5B00D9AB0C4FA1B70091E88A /* MLToolbarBackgroundView.m in Sources */,
				5BE520CA0C54AE8F00CCFD65 /* MLHeaderView.m in Sources */,
				5BE521210C54B7A700CCFD65 /* MLHeaderViewButtonCell.m in Sources */,
				5BC5CBA40C56617C005908B9 /* iTableColumnHeaderCell.m in Sources */,
				5BC5CC300C56664E005908B9 /* MLTableHeaderImageCell.m in Sources */,
				5B174BD50C65D8B50035B99D /* MLCheckboxButton.m in Sources */,
				5B174BD90C65D8BD0035B99D /* MLCheckboxButtonCell.m in Sources */,
				5B174D530C676F880035B99D /* MLGamesTableView.m in Sources */,
				5B5017A80C6A229D003F4102 /* MAME_Library_DataModel2.xcdatamodel in Sources */,
				5BB2253D0C73C26800231FB3 /* DBSourceSplitView.m in Sources */,
				5BB2254C0C73C29000231FB3 /* KFSplitView.m in Sources */,
				5BB2255C0C73C31500231FB3 /* DBSourceView.m in Sources */,
				5BB228EC0C747E1600231FB3 /* NSTreeController-DMExtensions.m in Sources */,
				5BB2295A0C7485D300231FB3 /* MLOutlineViewDragController.m in Sources */,
				5BB229CF0C74AA0700231FB3 /* MLCollection.m in Sources */,
				5BB22A2E0C74B7B000231FB3 /* ImageAndTextCell.m in Sources */,
				5BB22C1D0C76CEC500231FB3 /* MLOutlineView.m in Sources */,
				5BB22C320C76CFA000231FB3 /* CTGradient.m in Sources */,
				5BB2379B0C7B631600231FB3 /* NSString_MLExtensions.m in Sources */,
				5B7212820C7EF54F00DAC557 /* MLSourceListSplitView.m in Sources */,
				5B80DE8D0C816EED001A9AEE /* MLArtworkView.m in Sources */,
				5B80DF920C817FD0001A9AEE /* MLArtworkWindowController.m in Sources */,
				5BC506470C8DCFA000ACF137 /* MAME_Library_DataModel3.xcdatamodel in Sources */,
				5BC506530C8DD1A800ACF137 /* MLHistoryParser.m in Sources */,
				5B92CD0B15A318490094BE19 /* RegexKitLite.m in Sources */,
			);
			runOnlyForDeploymentPostprocessing = 0;
		};
/* End PBXSourcesBuildPhase section */

/* Begin PBXTargetDependency section */
		5B300EDD0F14C1AA00514780 /* PBXTargetDependency */ = {
			isa = PBXTargetDependency;
			target = 5B300EC10F14C11200514780 /* Spotlight Importer */;
			targetProxy = 5B300EDC0F14C1AA00514780 /* PBXContainerItemProxy */;
		};
/* End PBXTargetDependency section */

/* Begin PBXVariantGroup section */
		089C165CFE840E0CC02AAC07 /* InfoPlist.strings */ = {
			isa = PBXVariantGroup;
			children = (
				089C165DFE840E0CC02AAC07 /* InfoPlist.strings */,
			);
			name = InfoPlist.strings;
			sourceTree = "<group>";
		};
		5BB575770CD7879200BFD5F6 /* MainMenu.nib */ = {
			isa = PBXVariantGroup;
			children = (
				29B97319FDCFA39411CA2CEA /* English */,
			);
			name = MainMenu.nib;
			sourceTree = "<group>";
		};
/* End PBXVariantGroup section */

/* Begin XCBuildConfiguration section */
		26FC0A850875C7B200E6366F /* Debug */ = {
			isa = XCBuildConfiguration;
			buildSettings = {
				COPY_PHASE_STRIP = NO;
				FRAMEWORK_SEARCH_PATHS = (
					"$(inherited)",
					"$(FRAMEWORK_SEARCH_PATHS_QUOTED_1)",
					"\"$(SRCROOT)/Frameworks\"",
				);
				FRAMEWORK_SEARCH_PATHS_QUOTED_1 = "\"$(SRCROOT)\"";
				GCC_DYNAMIC_NO_PIC = NO;
				GCC_ENABLE_FIX_AND_CONTINUE = YES;
				GCC_ENABLE_OBJC_EXCEPTIONS = YES;
				GCC_MODEL_TUNING = G5;
				GCC_OPTIMIZATION_LEVEL = 0;
				GCC_PRECOMPILE_PREFIX_HEADER = YES;
				GCC_PREFIX_HEADER = MAME_Library_Prefix.pch;
				INFOPLIST_FILE = Info.plist;
				INSTALL_PATH = "$(HOME)/Applications";
				PRODUCT_NAME = "MAME Library";
				WRAPPER_EXTENSION = app;
				ZERO_LINK = YES;
			};
			name = Debug;
		};
		26FC0A860875C7B200E6366F /* Release */ = {
			isa = XCBuildConfiguration;
			buildSettings = {
				FRAMEWORK_SEARCH_PATHS = (
					"$(inherited)",
					"$(FRAMEWORK_SEARCH_PATHS_QUOTED_1)",
					"\"$(SRCROOT)/Frameworks\"",
				);
				FRAMEWORK_SEARCH_PATHS_QUOTED_1 = "\"$(SRCROOT)\"";
				GCC_ENABLE_OBJC_EXCEPTIONS = YES;
				GCC_GENERATE_DEBUGGING_SYMBOLS = NO;
				GCC_MODEL_TUNING = G5;
				GCC_PRECOMPILE_PREFIX_HEADER = YES;
				GCC_PREFIX_HEADER = MAME_Library_Prefix.pch;
				INFOPLIST_FILE = Info.plist;
				INSTALL_PATH = "$(HOME)/Applications";
				PRODUCT_NAME = "MAME Library";
				WRAPPER_EXTENSION = app;
			};
			name = Release;
		};
		26FC0A890875C7B200E6366F /* Debug */ = {
			isa = XCBuildConfiguration;
			buildSettings = {
				ARCHS = "$(NATIVE_ARCH_ACTUAL)";
				GCC_WARN_ABOUT_RETURN_TYPE = YES;
				GCC_WARN_UNUSED_VARIABLE = YES;
				MACOSX_DEPLOYMENT_TARGET = 10.5;
				PREBINDING = NO;
				SDKROOT = "";
				VALID_ARCHS = "ppc64 ppc7400 ppc970 i386 x86_64 ppc";
			};
			name = Debug;
		};
		26FC0A8A0875C7B200E6366F /* Release */ = {
			isa = XCBuildConfiguration;
			buildSettings = {
				ARCHS = "$(ARCHS_STANDARD_32_64_BIT_PRE_XCODE_3_1)";
				ARCHS_STANDARD_32_64_BIT_PRE_XCODE_3_1 = "x86_64 i386 ppc";
				GCC_WARN_ABOUT_RETURN_TYPE = YES;
				GCC_WARN_UNUSED_VARIABLE = YES;
				MACOSX_DEPLOYMENT_TARGET = 10.5;
				PREBINDING = NO;
				SDKROOT = "";
			};
			name = Release;
		};
		5B300EC40F14C11400514780 /* Debug */ = {
			isa = XCBuildConfiguration;
			buildSettings = {
				ALWAYS_SEARCH_USER_PATHS = YES;
				COPY_PHASE_STRIP = NO;
				GCC_DYNAMIC_NO_PIC = NO;
				GCC_MODEL_TUNING = G5;
				GCC_OPTIMIZATION_LEVEL = 0;
				GCC_PRECOMPILE_PREFIX_HEADER = YES;
				INFOPLIST_FILE = "Spotlight Importer/Resources/Info.plist";
				INSTALL_PATH = /Library/Spotlight;
				PREBINDING = YES;
				PRODUCT_NAME = "MAME Library";
				WRAPPER_EXTENSION = mdimporter;
			};
			name = Debug;
		};
		5B300EC50F14C11400514780 /* Release */ = {
			isa = XCBuildConfiguration;
			buildSettings = {
				ALWAYS_SEARCH_USER_PATHS = YES;
				COPY_PHASE_STRIP = YES;
				DEBUG_INFORMATION_FORMAT = dwarf;
				GCC_MODEL_TUNING = G5;
				GCC_PRECOMPILE_PREFIX_HEADER = YES;
				INFOPLIST_FILE = "Spotlight Importer/Resources/Info.plist";
				INSTALL_PATH = /Library/Spotlight;
				PREBINDING = YES;
				PRODUCT_NAME = "MAME Library";
				WRAPPER_EXTENSION = mdimporter;
				ZERO_LINK = NO;
			};
			name = Release;
		};
/* End XCBuildConfiguration section */

/* Begin XCConfigurationList section */
		26FC0A840875C7B200E6366F /* Build configuration list for PBXNativeTarget "MAME Library" */ = {
			isa = XCConfigurationList;
			buildConfigurations = (
				26FC0A850875C7B200E6366F /* Debug */,
				26FC0A860875C7B200E6366F /* Release */,
			);
			defaultConfigurationIsVisible = 0;
			defaultConfigurationName = Release;
		};
		26FC0A880875C7B200E6366F /* Build configuration list for PBXProject "MAME Library" */ = {
			isa = XCConfigurationList;
			buildConfigurations = (
				26FC0A890875C7B200E6366F /* Debug */,
				26FC0A8A0875C7B200E6366F /* Release */,
			);
			defaultConfigurationIsVisible = 0;
			defaultConfigurationName = Release;
		};
		5B300EC60F14C11400514780 /* Build configuration list for PBXNativeTarget "Spotlight Importer" */ = {
			isa = XCConfigurationList;
			buildConfigurations = (
				5B300EC40F14C11400514780 /* Debug */,
				5B300EC50F14C11400514780 /* Release */,
			);
			defaultConfigurationIsVisible = 0;
			defaultConfigurationName = Release;
		};
/* End XCConfigurationList section */
	};
	rootObject = 29B97313FDCFA39411CA2CEA /* Project object */;
}
